
Microsoft Visual Studio Solution File, Format Version 12.00
# Visual Studio Version 16
VisualStudioVersion = 16.0.31205.134
MinimumVisualStudioVersion = 10.0.40219.1
Project("{FAE04EC0-301F-11D3-BF4B-00C04F79EFBC}") = "Duoduo_Excel", "Duoduo_Excel\Duoduo_Excel.csproj", "{3D3BDEF5-4B19-4427-8A7C-485717D4B8B1}"
EndProject
Global
	GlobalSection(SolutionConfigurationPlatforms) = preSolution
		Debug|Any CPU = Debug|Any CPU
		Release|Any CPU = Release|Any CPU
	EndGlobalSection
	GlobalSection(ProjectConfigurationPlatforms) = postSolution
		{3D3BDEF5-4B19-4427-8A7C-485717D4B8B1}.Debug|Any CPU.ActiveCfg = Debug|Any CPU
		{3D3BDEF5-4B19-4427-8A7C-485717D4B8B1}.Debug|Any CPU.Build.0 = Debug|Any CPU
		{3D3BDEF5-4B19-4427-8A7C-485717D4B8B1}.Release|Any CPU.ActiveCfg = Release|Any CPU
		{3D3BDEF5-4B19-4427-8A7C-485717D4B8B1}.Release|Any CPU.Build.0 = Release|Any CPU
	EndGlobalSection
	GlobalSection(SolutionProperties) = preSolution
		HideSolutionNode = FALSE
	EndGlobalSection
	GlobalSection(ExtensibilityGlobals) = postSolution
		SolutionGuid = {3018A2F8-A855-4D83-B0E8-09CA6AFCD97D}
	EndGlobalSection
EndGlobal
